<?xml version="1.0" encoding="utf-8"?>
<Project ToolsVersion="4.0" xmlns="http://schemas.microsoft.com/developer/msbuild/2003">
  <ItemGroup>
    <Filter Include="External">
      <UniqueIdentifier>{3230e05f-cc5d-4495-a6f9-36aa11156334}</UniqueIdentifier>
    </Filter>
    <Filter Include="External\imgui">
      <UniqueIdentifier>{5b0f02c7-b573-4eda-88b8-40204e2d9872}</UniqueIdentifier>
    </Filter>
    <Filter Include="src">
      <UniqueIdentifier>{81211554-818a-4a03-9482-6c5d2ec4bb71}</UniqueIdentifier>
    </Filter>
    <Filter Include="vk">
      <UniqueIdentifier>{8a299555-5aa7-4d3b-ae06-df25ce045878}</UniqueIdentifier>
    </Filter>
    <Filter Include="helper">
      <UniqueIdentifier>{08667ea0-3414-4efd-b9ff-e00abaa54ebc}</UniqueIdentifier>
    </Filter>
  </ItemGroup>
  <ItemGroup>
    <ClCompile Include="general_helpers\manipulator.cpp">
      <Filter>helper</Filter>
    </ClCompile>
    <ClCompile Include="src\main.cpp">
      <Filter>src</Filter>
    </ClCompile>
    <ClCompile Include="vk_helpers\images.cpp">
      <Filter>vk</Filter>
    </ClCompile>
    <ClCompile Include="vk_helpers\vulkanbackend.cpp">
      <Filter>vk</Filter>
    </ClCompile>
    <ClCompile Include="src\examplevulkan.cpp">
      <Filter>src</Filter>
    </ClCompile>
    <ClCompile Include="external\imgui\imgui.cpp">
      <Filter>External\imgui</Filter>
    </ClCompile>
    <ClCompile Include="external\imgui\imgui_demo.cpp">
      <Filter>External\imgui</Filter>
    </ClCompile>
    <ClCompile Include="external\imgui\imgui_draw.cpp">
      <Filter>External\imgui</Filter>
    </ClCompile>
    <ClCompile Include="external\imgui\imgui_impl_glfw.cpp">
      <Filter>External\imgui</Filter>
    </ClCompile>
    <ClCompile Include="external\imgui\imgui_impl_vulkan.cpp">
      <Filter>External\imgui</Filter>
    </ClCompile>
    <ClCompile Include="external\imgui\imgui_widgets.cpp">
      <Filter>External\imgui</Filter>
    </ClCompile>
  </ItemGroup>
  <ItemGroup>
    <ClInclude Include="external\vk_mem_alloc.h">
      <Filter>External</Filter>
    </ClInclude>
    <ClInclude Include="external\obj_loader.h">
      <Filter>External</Filter>
    </ClInclude>
    <ClInclude Include="external\tiny_obj_loader.h">
      <Filter>External</Filter>
    </ClInclude>
    <ClInclude Include="vk_helpers\allocator.hpp">
      <Filter>vk</Filter>
    </ClInclude>
    <ClInclude Include="vk_helpers\commands.hpp">
      <Filter>vk</Filter>
    </ClInclude>
    <ClInclude Include="vk_helpers\debug.hpp">
      <Filter>vk</Filter>
    </ClInclude>
    <ClInclude Include="vk_helpers\descriptorsets.hpp">
      <Filter>vk</Filter>
    </ClInclude>
    <ClInclude Include="vk_helpers\images.hpp">
      <Filter>vk</Filter>
    </ClInclude>
    <ClInclude Include="vk_helpers\pipeline.hpp">
      <Filter>vk</Filter>
    </ClInclude>
    <ClInclude Include="vk_helpers\renderpass.hpp">
      <Filter>vk</Filter>
    </ClInclude>
    <ClInclude Include="vk_helpers\swapchain.hpp">
      <Filter>vk</Filter>
    </ClInclude>
    <ClInclude Include="vk_helpers\utilities.hpp">
      <Filter>vk</Filter>
    </ClInclude>
    <ClInclude Include="vk_helpers\vulkanbackend.hpp">
      <Filter>vk</Filter>
    </ClInclude>
    <ClInclude Include="general_helpers\manipulator.h">
      <Filter>helper</Filter>
    </ClInclude>
    <ClInclude Include="src\examplevulkan.hpp">
      <Filter>src</Filter>
    </ClInclude>
  </ItemGroup>
</Project>