<?xml version="1.0" encoding="utf-8"?>
<Project ToolsVersion="4.0" xmlns="http://schemas.microsoft.com/developer/msbuild/2003">
  <ItemGroup>
    <Filter Include="Source Files">
      <UniqueIdentifier>{4FC737F1-C7A5-4376-A066-2A32D752A2FF}</UniqueIdentifier>
      <Extensions>cpp;c;cc;cxx;def;odl;idl;hpj;bat;asm;asmx</Extensions>
    </Filter>
    <Filter Include="Source Files\vks">
      <UniqueIdentifier>{ece1d380-61c7-46a0-92ea-b60b3311748d}</UniqueIdentifier>
    </Filter>
  </ItemGroup>
  <ItemGroup>
    <ClCompile Include="src\main.cpp">
      <Filter>Source Files</Filter>
    </ClCompile>
    <ClCompile Include="src\context.cpp">
      <Filter>Source Files\vks</Filter>
    </ClCompile>
    <ClCompile Include="src\camera.cpp">
      <Filter>Source Files</Filter>
    </ClCompile>
  </ItemGroup>
  <ItemGroup>
    <ClInclude Include="src\vulkanbase.hpp">
      <Filter>Source Files\vks</Filter>
    </ClInclude>
    <ClInclude Include="src\context.hpp">
      <Filter>Source Files\vks</Filter>
    </ClInclude>
    <ClInclude Include="src\swapchain.hpp">
      <Filter>Source Files\vks</Filter>
    </ClInclude>
    <ClInclude Include="src\camera.h">
      <Filter>Source Files</Filter>
    </ClInclude>
    <ClInclude Include="src\examplevulkan.h">
      <Filter>Source Files</Filter>
    </ClInclude>
    <ClInclude Include="src\allocator.hpp">
      <Filter>Source Files\vks</Filter>
    </ClInclude>
  </ItemGroup>
</Project>