<?xml version="1.0" encoding="utf-8"?>
<Project ToolsVersion="4.0" xmlns="http://schemas.microsoft.com/developer/msbuild/2003">
  <ItemGroup>
    <Filter Include="Source Files">
      <UniqueIdentifier>{4FC737F1-C7A5-4376-A066-2A32D752A2FF}</UniqueIdentifier>
      <Extensions>cpp;c;cc;cxx;def;odl;idl;hpj;bat;asm;asmx</Extensions>
    </Filter>
    <Filter Include="Source Files\vks">
      <UniqueIdentifier>{ece1d380-61c7-46a0-92ea-b60b3311748d}</UniqueIdentifier>
    </Filter>
    <Filter Include="External">
      <UniqueIdentifier>{3230e05f-cc5d-4495-a6f9-36aa11156334}</UniqueIdentifier>
    </Filter>
    <Filter Include="External\imgui">
      <UniqueIdentifier>{5b0f02c7-b573-4eda-88b8-40204e2d9872}</UniqueIdentifier>
    </Filter>
  </ItemGroup>
  <ItemGroup>
    <ClCompile Include="src\main.cpp">
      <Filter>Source Files</Filter>
    </ClCompile>
    <ClCompile Include="external\imgui\imgui.cpp">
      <Filter>External\imgui</Filter>
    </ClCompile>
    <ClCompile Include="external\imgui\imgui_demo.cpp">
      <Filter>External\imgui</Filter>
    </ClCompile>
    <ClCompile Include="external\imgui\imgui_draw.cpp">
      <Filter>External\imgui</Filter>
    </ClCompile>
    <ClCompile Include="external\imgui\imgui_impl_glfw.cpp">
      <Filter>External\imgui</Filter>
    </ClCompile>
    <ClCompile Include="external\imgui\imgui_impl_vulkan.cpp">
      <Filter>External\imgui</Filter>
    </ClCompile>
    <ClCompile Include="external\imgui\imgui_widgets.cpp">
      <Filter>External\imgui</Filter>
    </ClCompile>
    <ClCompile Include="src\vulkanbackend.cpp">
      <Filter>Source Files\vks</Filter>
    </ClCompile>
  </ItemGroup>
  <ItemGroup>
    <ClInclude Include="external\vk_mem_alloc.h">
      <Filter>External</Filter>
    </ClInclude>
    <ClInclude Include="external\obj_loader.h">
      <Filter>External</Filter>
    </ClInclude>
    <ClInclude Include="src\debugutil.hpp">
      <Filter>Source Files\vks</Filter>
    </ClInclude>
    <ClInclude Include="src\renderpass.hpp">
      <Filter>Source Files\vks</Filter>
    </ClInclude>
    <ClInclude Include="src\swapchain.hpp">
      <Filter>Source Files\vks</Filter>
    </ClInclude>
    <ClInclude Include="src\commands.hpp">
      <Filter>Source Files</Filter>
    </ClInclude>
    <ClInclude Include="src\vulkanbackend.hpp">
      <Filter>Source Files\vks</Filter>
    </ClInclude>
  </ItemGroup>
</Project>